%{"membrane_caps_audio_mpeg": {:git, "git@bitbucket.org:radiokit/membrane-caps-audio-mpeg.git", "8e90c939cfca01d6affbd18b6a20ed84a7917264", []},
  "membrane_caps_audio_raw": {:git, "git@bitbucket.org:radiokit/membrane-caps-audio-raw.git", "8560706c4a425251064de1a4093d305eb9cfdeed", []},
  "membrane_common_c": {:git, "git@bitbucket.org:radiokit/membrane-common-c.git", "94ffd537ae8b2421cefc44e336c25c53f7740bb5", []},
  "membrane_core": {:git, "git@bitbucket.org:radiokit/membrane-core.git", "3c34502eb7b364d9da44cf5be0c117e6d65924f6", []}}
