%{
  "bimap": {:hex, :bimap, "0.1.1", "f0406e59f65ba903af678383d2356d0a6e59fb794adc1a7dd32bd8fabe0f028f", [:mix], [], "hexpm"},
  "bundlex": {:hex, :bundlex, "0.1.2", "3ff76e4d69aab81a9a279c6c2dfdad77063ae118af9d7418f3b3c411be537610", [:mix], [{:porcelain, "~> 2.0", [hex: :porcelain, repo: "hexpm", optional: false]}], "hexpm"},
  "connection": {:hex, :connection, "1.0.4", "a1cae72211f0eef17705aaededacac3eb30e6625b04a6117c1b2db6ace7d5976", [:mix], []},
  "earmark": {:hex, :earmark, "1.2.5", "4d21980d5d2862a2e13ec3c49ad9ad783ffc7ca5769cf6ff891a4553fbaae761", [:mix], [], "hexpm"},
  "espec": {:hex, :espec, "1.5.1", "46c603c4adb4244b152ea53c4d5f4545ab1eb1de1556588ec908b8e4ba570188", [:mix], [{:meck, "0.8.9", [hex: :meck, repo: "hexpm", optional: false]}], "hexpm"},
  "ex_doc": {:hex, :ex_doc, "0.18.3", "f4b0e4a2ec6f333dccf761838a4b253d75e11f714b85ae271c9ae361367897b7", [:mix], [{:earmark, "~> 1.1", [hex: :earmark, repo: "hexpm", optional: false]}], "hexpm"},
  "meck": {:hex, :meck, "0.8.9", "64c5c0bd8bcca3a180b44196265c8ed7594e16bcc845d0698ec6b4e577f48188", [:rebar3], [], "hexpm"},
  "membrane_caps_audio_mpeg": {:hex, :membrane_caps_audio_mpeg, "0.1.0", "e2b48d9ff852988e5be6254b9dd32d8f4695262b44160f6a796e847246a99828", [:mix], [], "hexpm"},
  "membrane_caps_audio_raw": {:hex, :membrane_caps_audio_raw, "0.1.1", "9dc3d739a85e99086d718fa203d3e80a968eea525e399ed420d71aa5a27e341e", [:mix], [{:bimap, "~> 0.1", [hex: :bimap, repo: "hexpm", optional: false]}, {:membrane_core, "~> 0.1.1", [hex: :membrane_core, repo: "hexpm", optional: false]}], "hexpm"},
  "membrane_common_c": {:hex, :membrane_common_c, "0.1.0", "1ca2ca66b9244a8f08efa2d43ca56d149c91e63b198f386857ec1b25c91119ec", [:mix], [{:bundlex, "~> 0.1", [hex: :bundlex, repo: "hexpm", optional: false]}], "hexpm"},
  "membrane_core": {:hex, :membrane_core, "0.1.1", "720ddac3b65da8f04f60fcf7b65530a7955a6e697223da3f71b2d1b8169d8a3f", [:mix], [{:qex, "~> 0.3", [hex: :qex, repo: "hexpm", optional: false]}], "hexpm"},
  "porcelain": {:hex, :porcelain, "2.0.3", "2d77b17d1f21fed875b8c5ecba72a01533db2013bd2e5e62c6d286c029150fdc", [:mix], [], "hexpm"},
  "qex": {:hex, :qex, "0.4.0", "43516761a2d278755d5f6da28eab86ddb0808bca90c1e186ec89a3ea26855928", [:mix], [], "hexpm"},
}
